
Microsoft Visual Studio Solution File, Format Version 12.00
# Visual Studio Version 17
VisualStudioVersion = 17.9.34414.90
MinimumVisualStudioVersion = 10.0.40219.1
Project("{FAE04EC0-301F-11D3-BF4B-00C04F79EFBC}") = "ConsoleApp4", "ConsoleApp4.csproj", "{C4AED5AF-B160-4581-B872-8232CADE9336}"
EndProject
Global
	GlobalSection(SolutionConfigurationPlatforms) = preSolution
		Debug|Any CPU = Debug|Any CPU
		Release|Any CPU = Release|Any CPU
	EndGlobalSection
	GlobalSection(ProjectConfigurationPlatforms) = postSolution
		{C4AED5AF-B160-4581-B872-8232CADE9336}.Debug|Any CPU.ActiveCfg = Debug|Any CPU
		{C4AED5AF-B160-4581-B872-8232CADE9336}.Debug|Any CPU.Build.0 = Debug|Any CPU
		{C4AED5AF-B160-4581-B872-8232CADE9336}.Release|Any CPU.ActiveCfg = Release|Any CPU
		{C4AED5AF-B160-4581-B872-8232CADE9336}.Release|Any CPU.Build.0 = Release|Any CPU
	EndGlobalSection
	GlobalSection(SolutionProperties) = preSolution
		HideSolutionNode = FALSE
	EndGlobalSection
	GlobalSection(ExtensibilityGlobals) = postSolution
		SolutionGuid = {5E01D298-9AF9-42A9-82B5-C58EA7F2B3C7}
	EndGlobalSection
EndGlobal
